{
  "version": 4,
  "terraform_version": "1.4.6",
  "serial": 15,
  "lineage": "a939b33b-e331-7564-0ec9-68be67125f34",
  "outputs": {},
  "resources": [
    {
      "mode": "data",
      "type": "azurerm_resource_group",
      "name": "rg",
      "provider": "provider[\"registry.terraform.io/hashicorp/azurerm\"]",
      "instances": [
        {
          "schema_version": 0,
          "attributes": {
            "id": "/subscriptions/3dc3cd1a-d5cd-4e3e-a648-b2253048af83/resourceGroups/Sridhar-terraform",
            "location": "eastus",
            "name": "Sridhar-terraform",
            "tags": {},
            "timeouts": null
          },
          "sensitive_attributes": []
        }
      ]
    },
    {
      "mode": "managed",
      "type": "azurerm_network_interface",
      "name": "nic",
      "provider": "provider[\"registry.terraform.io/hashicorp/azurerm\"]",
      "instances": [
        {
          "schema_version": 0,
          "attributes": {
            "applied_dns_servers": [],
            "dns_servers": [],
            "enable_accelerated_networking": false,
            "enable_ip_forwarding": false,
            "id": "/subscriptions/3dc3cd1a-d5cd-4e3e-a648-b2253048af83/resourceGroups/Sridhar-terraform/providers/Microsoft.Network/networkInterfaces/WindowsVMNIC",
            "internal_dns_name_label": "",
            "internal_domain_name_suffix": "rpuxsvtc2jcevbbfj3swjglq5h.bx.internal.cloudapp.net",
            "ip_configuration": [
              {
                "gateway_load_balancer_frontend_ip_configuration_id": "",
                "name": "testconfiguration1",
                "primary": true,
                "private_ip_address": "10.0.2.4",
                "private_ip_address_allocation": "Dynamic",
                "private_ip_address_version": "IPv4",
                "public_ip_address_id": "/subscriptions/3dc3cd1a-d5cd-4e3e-a648-b2253048af83/resourceGroups/Sridhar-terraform/providers/Microsoft.Network/publicIPAddresses/WindowsVMPIP",
                "subnet_id": "/subscriptions/3dc3cd1a-d5cd-4e3e-a648-b2253048af83/resourceGroups/Sridhar-terraform/providers/Microsoft.Network/virtualNetworks/WindowsVMVnet/subnets/WindowsVMSubnet"
              }
            ],
            "location": "eastus",
            "mac_address": "60-45-BD-FE-76-C0",
            "name": "WindowsVMNIC",
            "private_ip_address": "10.0.2.4",
            "private_ip_addresses": [
              "10.0.2.4"
            ],
            "resource_group_name": "Sridhar-terraform",
            "tags": {},
            "timeouts": null,
            "virtual_machine_id": "/subscriptions/3dc3cd1a-d5cd-4e3e-a648-b2253048af83/resourceGroups/Sridhar-terraform/providers/Microsoft.Compute/virtualMachines/WindowsVM-sample"
          },
          "sensitive_attributes": [],
          "private": "eyJlMmJmYjczMC1lY2FhLTExZTYtOGY4OC0zNDM2M2JjN2M0YzAiOnsiY3JlYXRlIjoxODAwMDAwMDAwMDAwLCJkZWxldGUiOjE4MDAwMDAwMDAwMDAsInJlYWQiOjMwMDAwMDAwMDAwMCwidXBkYXRlIjoxODAwMDAwMDAwMDAwfX0=",
          "dependencies": [
            "azurerm_public_ip.public_ip",
            "azurerm_subnet.myterraformsubnet",
            "azurerm_virtual_network.myterraformnetwork",
            "data.azurerm_resource_group.rg"
          ]
        }
      ]
    },
    {
      "mode": "managed",
      "type": "azurerm_network_interface_security_group_association",
      "name": "association",
      "provider": "provider[\"registry.terraform.io/hashicorp/azurerm\"]",
      "instances": [
        {
          "schema_version": 0,
          "attributes": {
            "id": "/subscriptions/3dc3cd1a-d5cd-4e3e-a648-b2253048af83/resourceGroups/Sridhar-terraform/providers/Microsoft.Network/networkInterfaces/WindowsVMNIC|/subscriptions/3dc3cd1a-d5cd-4e3e-a648-b2253048af83/resourceGroups/Sridhar-terraform/providers/Microsoft.Network/networkSecurityGroups/WindowsNSG",
            "network_interface_id": "/subscriptions/3dc3cd1a-d5cd-4e3e-a648-b2253048af83/resourceGroups/Sridhar-terraform/providers/Microsoft.Network/networkInterfaces/WindowsVMNIC",
            "network_security_group_id": "/subscriptions/3dc3cd1a-d5cd-4e3e-a648-b2253048af83/resourceGroups/Sridhar-terraform/providers/Microsoft.Network/networkSecurityGroups/WindowsNSG",
            "timeouts": null
          },
          "sensitive_attributes": [],
          "private": "eyJlMmJmYjczMC1lY2FhLTExZTYtOGY4OC0zNDM2M2JjN2M0YzAiOnsiY3JlYXRlIjoxODAwMDAwMDAwMDAwLCJkZWxldGUiOjE4MDAwMDAwMDAwMDAsInJlYWQiOjMwMDAwMDAwMDAwMCwidXBkYXRlIjoxODAwMDAwMDAwMDAwfX0=",
          "dependencies": [
            "azurerm_network_interface.nic",
            "azurerm_network_security_group.nsg",
            "azurerm_public_ip.public_ip",
            "azurerm_subnet.myterraformsubnet",
            "azurerm_virtual_network.myterraformnetwork",
            "data.azurerm_resource_group.rg"
          ]
        }
      ]
    },
    {
      "mode": "managed",
      "type": "azurerm_network_security_group",
      "name": "nsg",
      "provider": "provider[\"registry.terraform.io/hashicorp/azurerm\"]",
      "instances": [
        {
          "schema_version": 0,
          "attributes": {
            "id": "/subscriptions/3dc3cd1a-d5cd-4e3e-a648-b2253048af83/resourceGroups/Sridhar-terraform/providers/Microsoft.Network/networkSecurityGroups/WindowsNSG",
            "location": "eastus",
            "name": "WindowsNSG",
            "resource_group_name": "Sridhar-terraform",
            "security_rule": [
              {
                "access": "Allow",
                "description": "",
                "destination_address_prefix": "*",
                "destination_address_prefixes": [],
                "destination_application_security_group_ids": [],
                "destination_port_range": "*",
                "destination_port_ranges": [],
                "direction": "Inbound",
                "name": "allow_ssh_sg",
                "priority": 100,
                "protocol": "*",
                "source_address_prefix": "*",
                "source_address_prefixes": [],
                "source_application_security_group_ids": [],
                "source_port_range": "*",
                "source_port_ranges": []
              }
            ],
            "tags": {},
            "timeouts": null
          },
          "sensitive_attributes": [],
          "private": "eyJlMmJmYjczMC1lY2FhLTExZTYtOGY4OC0zNDM2M2JjN2M0YzAiOnsiY3JlYXRlIjoxODAwMDAwMDAwMDAwLCJkZWxldGUiOjE4MDAwMDAwMDAwMDAsInJlYWQiOjMwMDAwMDAwMDAwMCwidXBkYXRlIjoxODAwMDAwMDAwMDAwfX0=",
          "dependencies": [
            "data.azurerm_resource_group.rg"
          ]
        }
      ]
    },
    {
      "mode": "managed",
      "type": "azurerm_public_ip",
      "name": "public_ip",
      "provider": "provider[\"registry.terraform.io/hashicorp/azurerm\"]",
      "instances": [
        {
          "schema_version": 0,
          "attributes": {
            "allocation_method": "Dynamic",
            "availability_zone": "No-Zone",
            "domain_name_label": null,
            "fqdn": null,
            "id": "/subscriptions/3dc3cd1a-d5cd-4e3e-a648-b2253048af83/resourceGroups/Sridhar-terraform/providers/Microsoft.Network/publicIPAddresses/WindowsVMPIP",
            "idle_timeout_in_minutes": 4,
            "ip_address": "23.96.35.79",
            "ip_tags": {},
            "ip_version": "IPv4",
            "location": "eastus",
            "name": "WindowsVMPIP",
            "public_ip_prefix_id": null,
            "resource_group_name": "Sridhar-terraform",
            "reverse_fqdn": null,
            "sku": "Basic",
            "sku_tier": "Regional",
            "tags": {},
            "timeouts": null,
            "zones": []
          },
          "sensitive_attributes": [],
          "private": "eyJlMmJmYjczMC1lY2FhLTExZTYtOGY4OC0zNDM2M2JjN2M0YzAiOnsiY3JlYXRlIjoxODAwMDAwMDAwMDAwLCJkZWxldGUiOjE4MDAwMDAwMDAwMDAsInJlYWQiOjMwMDAwMDAwMDAwMCwidXBkYXRlIjoxODAwMDAwMDAwMDAwfX0=",
          "dependencies": [
            "data.azurerm_resource_group.rg"
          ]
        }
      ]
    },
    {
      "mode": "managed",
      "type": "azurerm_subnet",
      "name": "myterraformsubnet",
      "provider": "provider[\"registry.terraform.io/hashicorp/azurerm\"]",
      "instances": [
        {
          "schema_version": 0,
          "attributes": {
            "address_prefix": "10.0.2.0/24",
            "address_prefixes": [
              "10.0.2.0/24"
            ],
            "delegation": [],
            "enforce_private_link_endpoint_network_policies": false,
            "enforce_private_link_service_network_policies": false,
            "id": "/subscriptions/3dc3cd1a-d5cd-4e3e-a648-b2253048af83/resourceGroups/Sridhar-terraform/providers/Microsoft.Network/virtualNetworks/WindowsVMVnet/subnets/WindowsVMSubnet",
            "name": "WindowsVMSubnet",
            "resource_group_name": "Sridhar-terraform",
            "service_endpoint_policy_ids": [],
            "service_endpoints": [],
            "timeouts": null,
            "virtual_network_name": "WindowsVMVnet"
          },
          "sensitive_attributes": [],
          "private": "eyJlMmJmYjczMC1lY2FhLTExZTYtOGY4OC0zNDM2M2JjN2M0YzAiOnsiY3JlYXRlIjoxODAwMDAwMDAwMDAwLCJkZWxldGUiOjE4MDAwMDAwMDAwMDAsInJlYWQiOjMwMDAwMDAwMDAwMCwidXBkYXRlIjoxODAwMDAwMDAwMDAwfX0=",
          "dependencies": [
            "azurerm_virtual_network.myterraformnetwork",
            "data.azurerm_resource_group.rg"
          ]
        }
      ]
    },
    {
      "mode": "managed",
      "type": "azurerm_virtual_network",
      "name": "myterraformnetwork",
      "provider": "provider[\"registry.terraform.io/hashicorp/azurerm\"]",
      "instances": [
        {
          "schema_version": 0,
          "attributes": {
            "address_space": [
              "10.0.0.0/16"
            ],
            "bgp_community": "",
            "ddos_protection_plan": [],
            "dns_servers": [],
            "flow_timeout_in_minutes": 0,
            "guid": "5679e98b-e262-4a44-8425-4f65649970ff",
            "id": "/subscriptions/3dc3cd1a-d5cd-4e3e-a648-b2253048af83/resourceGroups/Sridhar-terraform/providers/Microsoft.Network/virtualNetworks/WindowsVMVnet",
            "location": "eastus",
            "name": "WindowsVMVnet",
            "resource_group_name": "Sridhar-terraform",
            "subnet": [
              {
                "address_prefix": "10.0.2.0/24",
                "id": "/subscriptions/3dc3cd1a-d5cd-4e3e-a648-b2253048af83/resourceGroups/Sridhar-terraform/providers/Microsoft.Network/virtualNetworks/WindowsVMVnet/subnets/WindowsVMSubnet",
                "name": "WindowsVMSubnet",
                "security_group": ""
              }
            ],
            "tags": {},
            "timeouts": null,
            "vm_protection_enabled": false
          },
          "sensitive_attributes": [],
          "private": "eyJlMmJmYjczMC1lY2FhLTExZTYtOGY4OC0zNDM2M2JjN2M0YzAiOnsiY3JlYXRlIjoxODAwMDAwMDAwMDAwLCJkZWxldGUiOjE4MDAwMDAwMDAwMDAsInJlYWQiOjMwMDAwMDAwMDAwMCwidXBkYXRlIjoxODAwMDAwMDAwMDAwfX0=",
          "dependencies": [
            "data.azurerm_resource_group.rg"
          ]
        }
      ]
    },
    {
      "mode": "managed",
      "type": "azurerm_windows_virtual_machine",
      "name": "WindowsVM",
      "provider": "provider[\"registry.terraform.io/hashicorp/azurerm\"]",
      "instances": [
        {
          "schema_version": 0,
          "attributes": {
            "additional_capabilities": [],
            "additional_unattend_content": [],
            "admin_password": "Azure@123456789",
            "admin_username": "Azureuser",
            "allow_extension_operations": true,
            "availability_set_id": "",
            "boot_diagnostics": [],
            "computer_name": "WindowsVM",
            "custom_data": "IyEvdXNyL2Jpbi9wd3NoDQoNCiMNCiMgUG93ZXJTaGVsbCBTY3JpcHQNCg0KU2V0LU5ldEZpcmV3YWxsUHJvZmlsZSAtUHJvZmlsZSBQdWJsaWMgLUVuYWJsZWQgRmFsc2U=",
            "dedicated_host_group_id": "",
            "dedicated_host_id": "",
            "enable_automatic_updates": true,
            "encryption_at_host_enabled": false,
            "eviction_policy": "",
            "extensions_time_budget": "PT1H30M",
            "hotpatching_enabled": false,
            "id": "/subscriptions/3dc3cd1a-d5cd-4e3e-a648-b2253048af83/resourceGroups/Sridhar-terraform/providers/Microsoft.Compute/virtualMachines/WindowsVM-sample",
            "identity": [],
            "license_type": "",
            "location": "eastus",
            "max_bid_price": -1,
            "name": "WindowsVM-sample",
            "network_interface_ids": [
              "/subscriptions/3dc3cd1a-d5cd-4e3e-a648-b2253048af83/resourceGroups/Sridhar-terraform/providers/Microsoft.Network/networkInterfaces/WindowsVMNIC"
            ],
            "os_disk": [
              {
                "caching": "ReadWrite",
                "diff_disk_settings": [],
                "disk_encryption_set_id": "",
                "disk_size_gb": 127,
                "name": "WindowsVM-sample_OsDisk_1_63ce787e25f44e438a6dd48192c1130f",
                "storage_account_type": "Standard_LRS",
                "write_accelerator_enabled": false
              }
            ],
            "patch_mode": "AutomaticByOS",
            "plan": [],
            "platform_fault_domain": -1,
            "priority": "Regular",
            "private_ip_address": "10.0.2.4",
            "private_ip_addresses": [
              "10.0.2.4"
            ],
            "provision_vm_agent": true,
            "proximity_placement_group_id": "",
            "public_ip_address": "40.114.116.195",
            "public_ip_addresses": [
              "40.114.116.195"
            ],
            "resource_group_name": "Sridhar-terraform",
            "secret": [],
            "secure_boot_enabled": false,
            "size": "Standard_DS1_v2",
            "source_image_id": "",
            "source_image_reference": [
              {
                "offer": "WindowsServer",
                "publisher": "MicrosoftWindowsServer",
                "sku": "2016-Datacenter",
                "version": "latest"
              }
            ],
            "tags": null,
            "timeouts": null,
            "timezone": "",
            "user_data": "",
            "virtual_machine_id": "a9b9b9d5-ddd9-4766-96ac-750d16cef0b4",
            "virtual_machine_scale_set_id": "",
            "vtpm_enabled": false,
            "winrm_listener": [],
            "zone": ""
          },
          "sensitive_attributes": [],
          "private": "eyJlMmJmYjczMC1lY2FhLTExZTYtOGY4OC0zNDM2M2JjN2M0YzAiOnsiY3JlYXRlIjoyNzAwMDAwMDAwMDAwLCJkZWxldGUiOjI3MDAwMDAwMDAwMDAsInJlYWQiOjMwMDAwMDAwMDAwMCwidXBkYXRlIjoyNzAwMDAwMDAwMDAwfX0=",
          "dependencies": [
            "azurerm_network_interface.nic",
            "data.azurerm_resource_group.rg"
          ]
        }
      ]
    }
  ],
  "check_results": null
}
